
Microsoft Visual Studio Solution File, Format Version 12.00
# Visual Studio Version 16
VisualStudioVersion = 16.0.29709.97
MinimumVisualStudioVersion = 10.0.40219.1
Project("{9A19103F-16F7-4668-BE54-9A1E7A4F7556}") = "FindMyKids.EventProcessor", "FindMyKids.EventProcessor\FindMyKids.EventProcessor.csproj", "{C87F76A3-3BBC-4246-AE4F-5C3FB05506A0}"
EndProject
Project("{9A19103F-16F7-4668-BE54-9A1E7A4F7556}") = "FindMyKids.FamilyService", "FindMyKids.FamilyService\FindMyKids.FamilyService.csproj", "{6CAD1D39-3B68-4E1F-A556-FE7C78C9DE19}"
EndProject
Project("{9A19103F-16F7-4668-BE54-9A1E7A4F7556}") = "FindMyKids.LocationReporter", "FindMyKids.LocationReporter\FindMyKids.LocationReporter.csproj", "{46BD2A7D-F87B-466A-AB69-1BCE9C8B3BDC}"
EndProject
Project("{9A19103F-16F7-4668-BE54-9A1E7A4F7556}") = "FindMyKids.ProximityMonitor", "FindMyKids.ProximityMonitor\FindMyKids.ProximityMonitor.csproj", "{A642E8BB-4360-43AC-A6C7-E79816F95FEE}"
EndProject
Project("{9A19103F-16F7-4668-BE54-9A1E7A4F7556}") = "FindMyKids.RealityService", "FindMyKids.RealityService\FindMyKids.RealityService.csproj", "{428BB9C8-A8FC-40DD-AA06-C4CC0B729186}"
EndProject
Project("{9A19103F-16F7-4668-BE54-9A1E7A4F7556}") = "FindMyKids.LocationService", "FindMyKids.LocationService\FindMyKids.LocationService.csproj", "{D1A455C6-B21F-4C5C-BC7F-9973DA5B113F}"
EndProject
Global
	GlobalSection(SolutionConfigurationPlatforms) = preSolution
		Debug|Any CPU = Debug|Any CPU
		Release|Any CPU = Release|Any CPU
	EndGlobalSection
	GlobalSection(ProjectConfigurationPlatforms) = postSolution
		{C87F76A3-3BBC-4246-AE4F-5C3FB05506A0}.Debug|Any CPU.ActiveCfg = Debug|Any CPU
		{C87F76A3-3BBC-4246-AE4F-5C3FB05506A0}.Debug|Any CPU.Build.0 = Debug|Any CPU
		{C87F76A3-3BBC-4246-AE4F-5C3FB05506A0}.Release|Any CPU.ActiveCfg = Release|Any CPU
		{C87F76A3-3BBC-4246-AE4F-5C3FB05506A0}.Release|Any CPU.Build.0 = Release|Any CPU
		{6CAD1D39-3B68-4E1F-A556-FE7C78C9DE19}.Debug|Any CPU.ActiveCfg = Debug|Any CPU
		{6CAD1D39-3B68-4E1F-A556-FE7C78C9DE19}.Debug|Any CPU.Build.0 = Debug|Any CPU
		{6CAD1D39-3B68-4E1F-A556-FE7C78C9DE19}.Release|Any CPU.ActiveCfg = Release|Any CPU
		{6CAD1D39-3B68-4E1F-A556-FE7C78C9DE19}.Release|Any CPU.Build.0 = Release|Any CPU
		{46BD2A7D-F87B-466A-AB69-1BCE9C8B3BDC}.Debug|Any CPU.ActiveCfg = Debug|Any CPU
		{46BD2A7D-F87B-466A-AB69-1BCE9C8B3BDC}.Debug|Any CPU.Build.0 = Debug|Any CPU
		{46BD2A7D-F87B-466A-AB69-1BCE9C8B3BDC}.Release|Any CPU.ActiveCfg = Release|Any CPU
		{46BD2A7D-F87B-466A-AB69-1BCE9C8B3BDC}.Release|Any CPU.Build.0 = Release|Any CPU
		{A642E8BB-4360-43AC-A6C7-E79816F95FEE}.Debug|Any CPU.ActiveCfg = Debug|Any CPU
		{A642E8BB-4360-43AC-A6C7-E79816F95FEE}.Debug|Any CPU.Build.0 = Debug|Any CPU
		{A642E8BB-4360-43AC-A6C7-E79816F95FEE}.Release|Any CPU.ActiveCfg = Release|Any CPU
		{A642E8BB-4360-43AC-A6C7-E79816F95FEE}.Release|Any CPU.Build.0 = Release|Any CPU
		{428BB9C8-A8FC-40DD-AA06-C4CC0B729186}.Debug|Any CPU.ActiveCfg = Debug|Any CPU
		{428BB9C8-A8FC-40DD-AA06-C4CC0B729186}.Debug|Any CPU.Build.0 = Debug|Any CPU
		{428BB9C8-A8FC-40DD-AA06-C4CC0B729186}.Release|Any CPU.ActiveCfg = Release|Any CPU
		{428BB9C8-A8FC-40DD-AA06-C4CC0B729186}.Release|Any CPU.Build.0 = Release|Any CPU
		{D1A455C6-B21F-4C5C-BC7F-9973DA5B113F}.Debug|Any CPU.ActiveCfg = Debug|Any CPU
		{D1A455C6-B21F-4C5C-BC7F-9973DA5B113F}.Debug|Any CPU.Build.0 = Debug|Any CPU
		{D1A455C6-B21F-4C5C-BC7F-9973DA5B113F}.Release|Any CPU.ActiveCfg = Release|Any CPU
		{D1A455C6-B21F-4C5C-BC7F-9973DA5B113F}.Release|Any CPU.Build.0 = Release|Any CPU
	EndGlobalSection
	GlobalSection(SolutionProperties) = preSolution
		HideSolutionNode = FALSE
	EndGlobalSection
	GlobalSection(ExtensibilityGlobals) = postSolution
		SolutionGuid = {5BB9A0EA-DBC4-4151-9B68-C815C6216C0D}
	EndGlobalSection
EndGlobal
